
Microsoft Visual Studio Solution File, Format Version 12.00
# Visual Studio Version 17
VisualStudioVersion = 17.11.35312.102
MinimumVisualStudioVersion = 10.0.40219.1
Project("{FAE04EC0-301F-11D3-BF4B-00C04F79EFBC}") = "Chornyi.TaskPlanner.ConsoleRunner", "Chornyi.TaskPlanner.ConsoleRunner\Chornyi.TaskPlanner.ConsoleRunner.csproj", "{254AD961-06FC-4EC7-836A-34D995C9554A}"
EndProject
Global
	GlobalSection(SolutionConfigurationPlatforms) = preSolution
		Debug|Any CPU = Debug|Any CPU
		Release|Any CPU = Release|Any CPU
	EndGlobalSection
	GlobalSection(ProjectConfigurationPlatforms) = postSolution
		{254AD961-06FC-4EC7-836A-34D995C9554A}.Debug|Any CPU.ActiveCfg = Debug|Any CPU
		{254AD961-06FC-4EC7-836A-34D995C9554A}.Debug|Any CPU.Build.0 = Debug|Any CPU
		{254AD961-06FC-4EC7-836A-34D995C9554A}.Release|Any CPU.ActiveCfg = Release|Any CPU
		{254AD961-06FC-4EC7-836A-34D995C9554A}.Release|Any CPU.Build.0 = Release|Any CPU
	EndGlobalSection
	GlobalSection(SolutionProperties) = preSolution
		HideSolutionNode = FALSE
	EndGlobalSection
	GlobalSection(ExtensibilityGlobals) = postSolution
		SolutionGuid = {230F8E3E-4166-4A3F-9783-49F8549A5212}
	EndGlobalSection
EndGlobal
